# This file is autogenerated, do not edit; changes may be undone by the next 'dep ensure'.


[[projects]]
  branch = "default"
  name = "bitbucket.org/llg/vcard"
  packages = ["."]
  revision = "45a176e2209e2d98b9915dce6e27e0e7575bfa81"

[solve-meta]
  analyzer-name = "dep"
  analyzer-version = 1
  inputs-digest = "2412c4f9fc4b3f682e38a226593c7cd2d78a8f7e897d108b28ea39138c7ade62"
  solver-name = "gps-cdcl"
  solver-version = 1
